
Microsoft Visual Studio Solution File, Format Version 12.00
# Visual Studio Version 17
VisualStudioVersion = 17.11.35327.3
MinimumVisualStudioVersion = 10.0.40219.1
Project("{FAE04EC0-301F-11D3-BF4B-00C04F79EFBC}") = "MedFloat", "MedFloat\MedFloat.csproj", "{AE3F22B9-058E-4BF8-90DA-6F5DA0B3A9D4}"
EndProject
Global
	GlobalSection(SolutionConfigurationPlatforms) = preSolution
		Debug|Any CPU = Debug|Any CPU
		Release|Any CPU = Release|Any CPU
	EndGlobalSection
	GlobalSection(ProjectConfigurationPlatforms) = postSolution
		{AE3F22B9-058E-4BF8-90DA-6F5DA0B3A9D4}.Debug|Any CPU.ActiveCfg = Debug|Any CPU
		{AE3F22B9-058E-4BF8-90DA-6F5DA0B3A9D4}.Debug|Any CPU.Build.0 = Debug|Any CPU
		{AE3F22B9-058E-4BF8-90DA-6F5DA0B3A9D4}.Release|Any CPU.ActiveCfg = Release|Any CPU
		{AE3F22B9-058E-4BF8-90DA-6F5DA0B3A9D4}.Release|Any CPU.Build.0 = Release|Any CPU
	EndGlobalSection
	GlobalSection(SolutionProperties) = preSolution
		HideSolutionNode = FALSE
	EndGlobalSection
	GlobalSection(ExtensibilityGlobals) = postSolution
		SolutionGuid = {D0534692-782B-43DF-BF49-41E3E7B61C19}
	EndGlobalSection
EndGlobal
